
Microsoft Visual Studio Solution File, Format Version 12.00
# Visual Studio 2012
Project("{FAE04EC0-301F-11D3-BF4B-00C04F79EFBC}") = "LFGGameServer.Core", "LFGGameServer.Core\LFGGameServer.Core.csproj", "{8D090BE5-C5A9-4347-A674-68559C67B03C}"
EndProject
Project("{FAE04EC0-301F-11D3-BF4B-00C04F79EFBC}") = "LFGGameServer.Samples.SignalR", "Samples\LFGGameServer.Samples.SignalR\LFGGameServer.Samples.SignalR.csproj", "{29F30BE3-6930-469F-80BE-771205CDD91D}"
EndProject
Global
	GlobalSection(SolutionConfigurationPlatforms) = preSolution
		Debug|Any CPU = Debug|Any CPU
		Release|Any CPU = Release|Any CPU
	EndGlobalSection
	GlobalSection(ProjectConfigurationPlatforms) = postSolution
		{8D090BE5-C5A9-4347-A674-68559C67B03C}.Debug|Any CPU.ActiveCfg = Debug|Any CPU
		{8D090BE5-C5A9-4347-A674-68559C67B03C}.Debug|Any CPU.Build.0 = Debug|Any CPU
		{8D090BE5-C5A9-4347-A674-68559C67B03C}.Release|Any CPU.ActiveCfg = Release|Any CPU
		{8D090BE5-C5A9-4347-A674-68559C67B03C}.Release|Any CPU.Build.0 = Release|Any CPU
		{29F30BE3-6930-469F-80BE-771205CDD91D}.Debug|Any CPU.ActiveCfg = Debug|Any CPU
		{29F30BE3-6930-469F-80BE-771205CDD91D}.Debug|Any CPU.Build.0 = Debug|Any CPU
		{29F30BE3-6930-469F-80BE-771205CDD91D}.Release|Any CPU.ActiveCfg = Release|Any CPU
		{29F30BE3-6930-469F-80BE-771205CDD91D}.Release|Any CPU.Build.0 = Release|Any CPU
	EndGlobalSection
	GlobalSection(SolutionProperties) = preSolution
		HideSolutionNode = FALSE
	EndGlobalSection
EndGlobal
